
Microsoft Visual Studio Solution File, Format Version 12.00
# Visual Studio Version 16
VisualStudioVersion = 16.0.29806.167
MinimumVisualStudioVersion = 10.0.40219.1
Project("{FAE04EC0-301F-11D3-BF4B-00C04F79EFBC}") = "PTPL.FitOS.SwaggerUI", "PTPL.FitOS.SwaggerUI\PTPL.FitOS.SwaggerUI.csproj", "{7613ADC5-7994-4190-AACF-06C9791068A2}"
EndProject
Global
	GlobalSection(SolutionConfigurationPlatforms) = preSolution
		Debug|Any CPU = Debug|Any CPU
		Release|Any CPU = Release|Any CPU
	EndGlobalSection
	GlobalSection(ProjectConfigurationPlatforms) = postSolution
		{7613ADC5-7994-4190-AACF-06C9791068A2}.Debug|Any CPU.ActiveCfg = Debug|Any CPU
		{7613ADC5-7994-4190-AACF-06C9791068A2}.Debug|Any CPU.Build.0 = Debug|Any CPU
		{7613ADC5-7994-4190-AACF-06C9791068A2}.Release|Any CPU.ActiveCfg = Release|Any CPU
		{7613ADC5-7994-4190-AACF-06C9791068A2}.Release|Any CPU.Build.0 = Release|Any CPU
	EndGlobalSection
	GlobalSection(SolutionProperties) = preSolution
		HideSolutionNode = FALSE
	EndGlobalSection
	GlobalSection(ExtensibilityGlobals) = postSolution
		SolutionGuid = {FD70B5AB-D32A-4061-9F7D-9C055D866ADC}
	EndGlobalSection
EndGlobal
